
Microsoft Visual Studio Solution File, Format Version 12.00
# Visual Studio 14
VisualStudioVersion = 14.0.25420.1
MinimumVisualStudioVersion = 10.0.40219.1
Project("{FAE04EC0-301F-11D3-BF4B-00C04F79EFBC}") = "Fiks1_Pokus2", "Fiks1_Pokus2.csproj", "{777618F2-AC95-4A3E-82BE-14D7E4462D73}"
EndProject
Global
	GlobalSection(SolutionConfigurationPlatforms) = preSolution
		Debug|Any CPU = Debug|Any CPU
		Release|Any CPU = Release|Any CPU
	EndGlobalSection
	GlobalSection(ProjectConfigurationPlatforms) = postSolution
		{777618F2-AC95-4A3E-82BE-14D7E4462D73}.Debug|Any CPU.ActiveCfg = Debug|Any CPU
		{777618F2-AC95-4A3E-82BE-14D7E4462D73}.Debug|Any CPU.Build.0 = Debug|Any CPU
		{777618F2-AC95-4A3E-82BE-14D7E4462D73}.Release|Any CPU.ActiveCfg = Release|Any CPU
		{777618F2-AC95-4A3E-82BE-14D7E4462D73}.Release|Any CPU.Build.0 = Release|Any CPU
	EndGlobalSection
	GlobalSection(SolutionProperties) = preSolution
		HideSolutionNode = FALSE
	EndGlobalSection
EndGlobal
