
Microsoft Visual Studio Solution File, Format Version 12.00
# Visual Studio 14
VisualStudioVersion = 14.0.25123.0
MinimumVisualStudioVersion = 10.0.40219.1
Project("{FAE04EC0-301F-11D3-BF4B-00C04F79EFBC}") = "Fiks1", "Fiks1\Fiks1.csproj", "{DB1A1E94-A775-4EE2-9779-99444B824E82}"
EndProject
Global
	GlobalSection(SolutionConfigurationPlatforms) = preSolution
		Debug|Any CPU = Debug|Any CPU
		Release|Any CPU = Release|Any CPU
	EndGlobalSection
	GlobalSection(ProjectConfigurationPlatforms) = postSolution
		{DB1A1E94-A775-4EE2-9779-99444B824E82}.Debug|Any CPU.ActiveCfg = Debug|Any CPU
		{DB1A1E94-A775-4EE2-9779-99444B824E82}.Debug|Any CPU.Build.0 = Debug|Any CPU
		{DB1A1E94-A775-4EE2-9779-99444B824E82}.Release|Any CPU.ActiveCfg = Release|Any CPU
		{DB1A1E94-A775-4EE2-9779-99444B824E82}.Release|Any CPU.Build.0 = Release|Any CPU
	EndGlobalSection
	GlobalSection(SolutionProperties) = preSolution
		HideSolutionNode = FALSE
	EndGlobalSection
EndGlobal
